// !$*UTF8*$!
{
	archiveVersion = 1;
	classes = {
	};
	objectVersion = 48;
	objects = {

/* Begin PBXBuildFile section */
		AB4CD9F11FDAA0F800B5C633 /* AppDelegate.swift in Sources */ = {isa = PBXBuildFile; fileRef = AB4CD9F01FDAA0F800B5C633 /* AppDelegate.swift */; };
		AB4CD9F31FDAA0F800B5C633 /* MapViewController.swift in Sources */ = {isa = PBXBuildFile; fileRef = AB4CD9F21FDAA0F800B5C633 /* MapViewController.swift */; };
		AB4CD9F61FDAA0F900B5C633 /* Main.storyboard in Resources */ = {isa = PBXBuildFile; fileRef = AB4CD9F41FDAA0F900B5C633 /* Main.storyboard */; };
		AB4CD9F91FDAA0F900B5C633 /* EventsMap.xcdatamodeld in Sources */ = {isa = PBXBuildFile; fileRef = AB4CD9F71FDAA0F900B5C633 /* EventsMap.xcdatamodeld */; };
		AB4CD9FB1FDAA0F900B5C633 /* Assets.xcassets in Resources */ = {isa = PBXBuildFile; fileRef = AB4CD9FA1FDAA0F900B5C633 /* Assets.xcassets */; };
		AB4CD9FE1FDAA0F900B5C633 /* LaunchScreen.storyboard in Resources */ = {isa = PBXBuildFile; fileRef = AB4CD9FC1FDAA0F900B5C633 /* LaunchScreen.storyboard */; };
		AB4CDA081FDAA1BD00B5C633 /* Artwork.swift in Sources */ = {isa = PBXBuildFile; fileRef = AB4CDA071FDAA1BD00B5C633 /* Artwork.swift */; };
		AB4CDA0A1FDAA1C600B5C633 /* APIArtwork.swift in Sources */ = {isa = PBXBuildFile; fileRef = AB4CDA091FDAA1C600B5C633 /* APIArtwork.swift */; };
		AB4EEB941FDAA45B00E6AB5C /* Alamofire.framework in Frameworks */ = {isa = PBXBuildFile; fileRef = AB4EEB871FDAA41D00E6AB5C /* Alamofire.framework */; };
		AB4EEB951FDAA45B00E6AB5C /* Alamofire.framework in Embed Frameworks */ = {isa = PBXBuildFile; fileRef = AB4EEB871FDAA41D00E6AB5C /* Alamofire.framework */; settings = {ATTRIBUTES = (CodeSignOnCopy, RemoveHeadersOnCopy, ); }; };
		AB4EEBD61FDAAA4400E6AB5C /* Cluster.framework in Frameworks */ = {isa = PBXBuildFile; fileRef = AB4EEBD31FDAAA3700E6AB5C /* Cluster.framework */; };
		AB4EEBD71FDAAA4400E6AB5C /* Cluster.framework in Embed Frameworks */ = {isa = PBXBuildFile; fileRef = AB4EEBD31FDAAA3700E6AB5C /* Cluster.framework */; settings = {ATTRIBUTES = (CodeSignOnCopy, RemoveHeadersOnCopy, ); }; };
		AB4EEBDC1FDAC23900E6AB5C /* ArtworkDetailsViewController.swift in Sources */ = {isa = PBXBuildFile; fileRef = AB4EEBDB1FDAC23900E6AB5C /* ArtworkDetailsViewController.swift */; };
		AB4EEBDE1FDAD14F00E6AB5C /* ArtworkAnnotation.swift in Sources */ = {isa = PBXBuildFile; fileRef = AB4EEBDD1FDAD14F00E6AB5C /* ArtworkAnnotation.swift */; };
/* End PBXBuildFile section */

/* Begin PBXContainerItemProxy section */
		AB4EEB861FDAA41D00E6AB5C /* PBXContainerItemProxy */ = {
			isa = PBXContainerItemProxy;
			containerPortal = AB4EEB7B1FDAA41D00E6AB5C /* Alamofire.xcodeproj */;
			proxyType = 2;
			remoteGlobalIDString = F8111E3319A95C8B0040E7D1;
			remoteInfo = "Alamofire iOS";
		};
		AB4EEB881FDAA41D00E6AB5C /* PBXContainerItemProxy */ = {
			isa = PBXContainerItemProxy;
			containerPortal = AB4EEB7B1FDAA41D00E6AB5C /* Alamofire.xcodeproj */;
			proxyType = 2;
			remoteGlobalIDString = F8111E3E19A95C8B0040E7D1;
			remoteInfo = "Alamofire iOS Tests";
		};
		AB4EEB8A1FDAA41D00E6AB5C /* PBXContainerItemProxy */ = {
			isa = PBXContainerItemProxy;
			containerPortal = AB4EEB7B1FDAA41D00E6AB5C /* Alamofire.xcodeproj */;
			proxyType = 2;
			remoteGlobalIDString = 4DD67C0B1A5C55C900ED2280;
			remoteInfo = "Alamofire macOS";
		};
		AB4EEB8C1FDAA41D00E6AB5C /* PBXContainerItemProxy */ = {
			isa = PBXContainerItemProxy;
			containerPortal = AB4EEB7B1FDAA41D00E6AB5C /* Alamofire.xcodeproj */;
			proxyType = 2;
			remoteGlobalIDString = F829C6B21A7A94F100A2CD59;
			remoteInfo = "Alamofire macOS Tests";
		};
		AB4EEB8E1FDAA41D00E6AB5C /* PBXContainerItemProxy */ = {
			isa = PBXContainerItemProxy;
			containerPortal = AB4EEB7B1FDAA41D00E6AB5C /* Alamofire.xcodeproj */;
			proxyType = 2;
			remoteGlobalIDString = 4CF626EF1BA7CB3E0011A099;
			remoteInfo = "Alamofire tvOS";
		};
		AB4EEB901FDAA41D00E6AB5C /* PBXContainerItemProxy */ = {
			isa = PBXContainerItemProxy;
			containerPortal = AB4EEB7B1FDAA41D00E6AB5C /* Alamofire.xcodeproj */;
			proxyType = 2;
			remoteGlobalIDString = 4CF626F81BA7CB3E0011A099;
			remoteInfo = "Alamofire tvOS Tests";
		};
		AB4EEB921FDAA41D00E6AB5C /* PBXContainerItemProxy */ = {
			isa = PBXContainerItemProxy;
			containerPortal = AB4EEB7B1FDAA41D00E6AB5C /* Alamofire.xcodeproj */;
			proxyType = 2;
			remoteGlobalIDString = E4202FE01B667AA100C997FB;
			remoteInfo = "Alamofire watchOS";
		};
		AB4EEB961FDAA45B00E6AB5C /* PBXContainerItemProxy */ = {
			isa = PBXContainerItemProxy;
			containerPortal = AB4EEB7B1FDAA41D00E6AB5C /* Alamofire.xcodeproj */;
			proxyType = 1;
			remoteGlobalIDString = F8111E3219A95C8B0040E7D1;
			remoteInfo = "Alamofire iOS";
		};
		AB4EEBD21FDAAA3700E6AB5C /* PBXContainerItemProxy */ = {
			isa = PBXContainerItemProxy;
			containerPortal = AB4EEBC61FDAAA3700E6AB5C /* Cluster.xcodeproj */;
			proxyType = 2;
			remoteGlobalIDString = 8BFA2B5F1E9F7149001A80FB;
			remoteInfo = Cluster;
		};
		AB4EEBD41FDAAA3700E6AB5C /* PBXContainerItemProxy */ = {
			isa = PBXContainerItemProxy;
			containerPortal = AB4EEBC61FDAAA3700E6AB5C /* Cluster.xcodeproj */;
			proxyType = 2;
			remoteGlobalIDString = 8BFA2B6E1E9F715B001A80FB;
			remoteInfo = Example;
		};
		AB4EEBD81FDAAA4400E6AB5C /* PBXContainerItemProxy */ = {
			isa = PBXContainerItemProxy;
			containerPortal = AB4EEBC61FDAAA3700E6AB5C /* Cluster.xcodeproj */;
			proxyType = 1;
			remoteGlobalIDString = 8BFA2B5E1E9F7149001A80FB;
			remoteInfo = Cluster;
		};
/* End PBXContainerItemProxy section */

/* Begin PBXCopyFilesBuildPhase section */
		AB4EEB981FDAA45B00E6AB5C /* Embed Frameworks */ = {
			isa = PBXCopyFilesBuildPhase;
			buildActionMask = 2147483647;
			dstPath = "";
			dstSubfolderSpec = 10;
			files = (
				AB4EEB951FDAA45B00E6AB5C /* Alamofire.framework in Embed Frameworks */,
				AB4EEBD71FDAAA4400E6AB5C /* Cluster.framework in Embed Frameworks */,
			);
			name = "Embed Frameworks";
			runOnlyForDeploymentPostprocessing = 0;
		};
/* End PBXCopyFilesBuildPhase section */

/* Begin PBXFileReference section */
		AB4CD9ED1FDAA0F800B5C633 /* EventsMap.app */ = {isa = PBXFileReference; explicitFileType = wrapper.application; includeInIndex = 0; path = EventsMap.app; sourceTree = BUILT_PRODUCTS_DIR; };
		AB4CD9F01FDAA0F800B5C633 /* AppDelegate.swift */ = {isa = PBXFileReference; lastKnownFileType = sourcecode.swift; path = AppDelegate.swift; sourceTree = "<group>"; };
		AB4CD9F21FDAA0F800B5C633 /* MapViewController.swift */ = {isa = PBXFileReference; lastKnownFileType = sourcecode.swift; path = MapViewController.swift; sourceTree = "<group>"; };
		AB4CD9F51FDAA0F900B5C633 /* Base */ = {isa = PBXFileReference; lastKnownFileType = file.storyboard; name = Base; path = Base.lproj/Main.storyboard; sourceTree = "<group>"; };
		AB4CD9F81FDAA0F900B5C633 /* EventsMap.xcdatamodel */ = {isa = PBXFileReference; lastKnownFileType = wrapper.xcdatamodel; path = EventsMap.xcdatamodel; sourceTree = "<group>"; };
		AB4CD9FA1FDAA0F900B5C633 /* Assets.xcassets */ = {isa = PBXFileReference; lastKnownFileType = folder.assetcatalog; path = Assets.xcassets; sourceTree = "<group>"; };
		AB4CD9FD1FDAA0F900B5C633 /* Base */ = {isa = PBXFileReference; lastKnownFileType = file.storyboard; name = Base; path = Base.lproj/LaunchScreen.storyboard; sourceTree = "<group>"; };
		AB4CD9FF1FDAA0F900B5C633 /* Info.plist */ = {isa = PBXFileReference; lastKnownFileType = text.plist.xml; path = Info.plist; sourceTree = "<group>"; };
		AB4CDA071FDAA1BD00B5C633 /* Artwork.swift */ = {isa = PBXFileReference; fileEncoding = 4; lastKnownFileType = sourcecode.swift; path = Artwork.swift; sourceTree = "<group>"; };
		AB4CDA091FDAA1C600B5C633 /* APIArtwork.swift */ = {isa = PBXFileReference; fileEncoding = 4; lastKnownFileType = sourcecode.swift; path = APIArtwork.swift; sourceTree = "<group>"; };
		AB4EEB7B1FDAA41D00E6AB5C /* Alamofire.xcodeproj */ = {isa = PBXFileReference; lastKnownFileType = "wrapper.pb-project"; name = Alamofire.xcodeproj; path = ../Alamofire/Alamofire.xcodeproj; sourceTree = "<group>"; };
		AB4EEBC61FDAAA3700E6AB5C /* Cluster.xcodeproj */ = {isa = PBXFileReference; lastKnownFileType = "wrapper.pb-project"; name = Cluster.xcodeproj; path = ../Cluster/Cluster.xcodeproj; sourceTree = "<group>"; };
		AB4EEBDB1FDAC23900E6AB5C /* ArtworkDetailsViewController.swift */ = {isa = PBXFileReference; lastKnownFileType = sourcecode.swift; path = ArtworkDetailsViewController.swift; sourceTree = "<group>"; };
		AB4EEBDD1FDAD14F00E6AB5C /* ArtworkAnnotation.swift */ = {isa = PBXFileReference; lastKnownFileType = sourcecode.swift; path = ArtworkAnnotation.swift; sourceTree = "<group>"; };
/* End PBXFileReference section */

/* Begin PBXFrameworksBuildPhase section */
		AB4CD9EA1FDAA0F800B5C633 /* Frameworks */ = {
			isa = PBXFrameworksBuildPhase;
			buildActionMask = 2147483647;
			files = (
				AB4EEB941FDAA45B00E6AB5C /* Alamofire.framework in Frameworks */,
				AB4EEBD61FDAAA4400E6AB5C /* Cluster.framework in Frameworks */,
			);
			runOnlyForDeploymentPostprocessing = 0;
		};
/* End PBXFrameworksBuildPhase section */

/* Begin PBXGroup section */
		AB4CD9E41FDAA0F800B5C633 = {
			isa = PBXGroup;
			children = (
				AB4CD9EF1FDAA0F800B5C633 /* EventsMap */,
				AB4CD9EE1FDAA0F800B5C633 /* Products */,
				AB4EEBC61FDAAA3700E6AB5C /* Cluster.xcodeproj */,
				AB4EEB7B1FDAA41D00E6AB5C /* Alamofire.xcodeproj */,
			);
			sourceTree = "<group>";
		};
		AB4CD9EE1FDAA0F800B5C633 /* Products */ = {
			isa = PBXGroup;
			children = (
				AB4CD9ED1FDAA0F800B5C633 /* EventsMap.app */,
			);
			name = Products;
			sourceTree = "<group>";
		};
		AB4CD9EF1FDAA0F800B5C633 /* EventsMap */ = {
			isa = PBXGroup;
			children = (
				AB4EEBDA1FDAC21900E6AB5C /* ViewControllers */,
				AB4CDA061FDAA1AF00B5C633 /* Lib */,
				AB4CDA051FDAA1AC00B5C633 /* Models */,
				AB4CD9F01FDAA0F800B5C633 /* AppDelegate.swift */,
				AB4CD9F41FDAA0F900B5C633 /* Main.storyboard */,
				AB4CD9FA1FDAA0F900B5C633 /* Assets.xcassets */,
				AB4CD9FC1FDAA0F900B5C633 /* LaunchScreen.storyboard */,
				AB4CD9FF1FDAA0F900B5C633 /* Info.plist */,
				AB4CD9F71FDAA0F900B5C633 /* EventsMap.xcdatamodeld */,
			);
			path = EventsMap;
			sourceTree = "<group>";
		};
		AB4CDA051FDAA1AC00B5C633 /* Models */ = {
			isa = PBXGroup;
			children = (
				AB4CDA071FDAA1BD00B5C633 /* Artwork.swift */,
				AB4EEBDD1FDAD14F00E6AB5C /* ArtworkAnnotation.swift */,
			);
			path = Models;
			sourceTree = "<group>";
		};
		AB4CDA061FDAA1AF00B5C633 /* Lib */ = {
			isa = PBXGroup;
			children = (
				AB4CDA091FDAA1C600B5C633 /* APIArtwork.swift */,
			);
			path = Lib;
			sourceTree = "<group>";
		};
		AB4EEB7C1FDAA41D00E6AB5C /* Products */ = {
			isa = PBXGroup;
			children = (
				AB4EEB871FDAA41D00E6AB5C /* Alamofire.framework */,
				AB4EEB891FDAA41D00E6AB5C /* Alamofire iOS Tests.xctest */,
				AB4EEB8B1FDAA41D00E6AB5C /* Alamofire.framework */,
				AB4EEB8D1FDAA41D00E6AB5C /* Alamofire macOS Tests.xctest */,
				AB4EEB8F1FDAA41D00E6AB5C /* Alamofire.framework */,
				AB4EEB911FDAA41D00E6AB5C /* Alamofire tvOS Tests.xctest */,
				AB4EEB931FDAA41D00E6AB5C /* Alamofire.framework */,
			);
			name = Products;
			sourceTree = "<group>";
		};
		AB4EEBC71FDAAA3700E6AB5C /* Products */ = {
			isa = PBXGroup;
			children = (
				AB4EEBD31FDAAA3700E6AB5C /* Cluster.framework */,
				AB4EEBD51FDAAA3700E6AB5C /* Example.app */,
			);
			name = Products;
			sourceTree = "<group>";
		};
		AB4EEBDA1FDAC21900E6AB5C /* ViewControllers */ = {
			isa = PBXGroup;
			children = (
				AB4CD9F21FDAA0F800B5C633 /* MapViewController.swift */,
				AB4EEBDB1FDAC23900E6AB5C /* ArtworkDetailsViewController.swift */,
			);
			path = ViewControllers;
			sourceTree = "<group>";
		};
/* End PBXGroup section */

/* Begin PBXNativeTarget section */
		AB4CD9EC1FDAA0F800B5C633 /* EventsMap */ = {
			isa = PBXNativeTarget;
			buildConfigurationList = AB4CDA021FDAA0F900B5C633 /* Build configuration list for PBXNativeTarget "EventsMap" */;
			buildPhases = (
				AB4CD9E91FDAA0F800B5C633 /* Sources */,
				AB4CD9EA1FDAA0F800B5C633 /* Frameworks */,
				AB4CD9EB1FDAA0F800B5C633 /* Resources */,
				AB4EEB981FDAA45B00E6AB5C /* Embed Frameworks */,
			);
			buildRules = (
			);
			dependencies = (
				AB4EEB971FDAA45B00E6AB5C /* PBXTargetDependency */,
				AB4EEBD91FDAAA4400E6AB5C /* PBXTargetDependency */,
			);
			name = EventsMap;
			productName = EventsMap;
			productReference = AB4CD9ED1FDAA0F800B5C633 /* EventsMap.app */;
			productType = "com.apple.product-type.application";
		};
/* End PBXNativeTarget section */

/* Begin PBXProject section */
		AB4CD9E51FDAA0F800B5C633 /* Project object */ = {
			isa = PBXProject;
			attributes = {
				LastSwiftUpdateCheck = 0920;
				LastUpgradeCheck = 0920;
				ORGANIZATIONNAME = "bogdan razvan";
				TargetAttributes = {
					AB4CD9EC1FDAA0F800B5C633 = {
						CreatedOnToolsVersion = 9.2;
						ProvisioningStyle = Automatic;
					};
				};
			};
			buildConfigurationList = AB4CD9E81FDAA0F800B5C633 /* Build configuration list for PBXProject "EventsMap" */;
			compatibilityVersion = "Xcode 8.0";
			developmentRegion = en;
			hasScannedForEncodings = 0;
			knownRegions = (
				en,
				Base,
			);
			mainGroup = AB4CD9E41FDAA0F800B5C633;
			productRefGroup = AB4CD9EE1FDAA0F800B5C633 /* Products */;
			projectDirPath = "";
			projectReferences = (
				{
					ProductGroup = AB4EEB7C1FDAA41D00E6AB5C /* Products */;
					ProjectRef = AB4EEB7B1FDAA41D00E6AB5C /* Alamofire.xcodeproj */;
				},
				{
					ProductGroup = AB4EEBC71FDAAA3700E6AB5C /* Products */;
					ProjectRef = AB4EEBC61FDAAA3700E6AB5C /* Cluster.xcodeproj */;
				},
			);
			projectRoot = "";
			targets = (
				AB4CD9EC1FDAA0F800B5C633 /* EventsMap */,
			);
		};
/* End PBXProject section */

/* Begin PBXReferenceProxy section */
		AB4EEB871FDAA41D00E6AB5C /* Alamofire.framework */ = {
			isa = PBXReferenceProxy;
			fileType = wrapper.framework;
			path = Alamofire.framework;
			remoteRef = AB4EEB861FDAA41D00E6AB5C /* PBXContainerItemProxy */;
			sourceTree = BUILT_PRODUCTS_DIR;
		};
		AB4EEB891FDAA41D00E6AB5C /* Alamofire iOS Tests.xctest */ = {
			isa = PBXReferenceProxy;
			fileType = wrapper.cfbundle;
			path = "Alamofire iOS Tests.xctest";
			remoteRef = AB4EEB881FDAA41D00E6AB5C /* PBXContainerItemProxy */;
			sourceTree = BUILT_PRODUCTS_DIR;
		};
		AB4EEB8B1FDAA41D00E6AB5C /* Alamofire.framework */ = {
			isa = PBXReferenceProxy;
			fileType = wrapper.framework;
			path = Alamofire.framework;
			remoteRef = AB4EEB8A1FDAA41D00E6AB5C /* PBXContainerItemProxy */;
			sourceTree = BUILT_PRODUCTS_DIR;
		};
		AB4EEB8D1FDAA41D00E6AB5C /* Alamofire macOS Tests.xctest */ = {
			isa = PBXReferenceProxy;
			fileType = wrapper.cfbundle;
			path = "Alamofire macOS Tests.xctest";
			remoteRef = AB4EEB8C1FDAA41D00E6AB5C /* PBXContainerItemProxy */;
			sourceTree = BUILT_PRODUCTS_DIR;
		};
		AB4EEB8F1FDAA41D00E6AB5C /* Alamofire.framework */ = {
			isa = PBXReferenceProxy;
			fileType = wrapper.framework;
			path = Alamofire.framework;
			remoteRef = AB4EEB8E1FDAA41D00E6AB5C /* PBXContainerItemProxy */;
			sourceTree = BUILT_PRODUCTS_DIR;
		};
		AB4EEB911FDAA41D00E6AB5C /* Alamofire tvOS Tests.xctest */ = {
			isa = PBXReferenceProxy;
			fileType = wrapper.cfbundle;
			path = "Alamofire tvOS Tests.xctest";
			remoteRef = AB4EEB901FDAA41D00E6AB5C /* PBXContainerItemProxy */;
			sourceTree = BUILT_PRODUCTS_DIR;
		};
		AB4EEB931FDAA41D00E6AB5C /* Alamofire.framework */ = {
			isa = PBXReferenceProxy;
			fileType = wrapper.framework;
			path = Alamofire.framework;
			remoteRef = AB4EEB921FDAA41D00E6AB5C /* PBXContainerItemProxy */;
			sourceTree = BUILT_PRODUCTS_DIR;
		};
		AB4EEBD31FDAAA3700E6AB5C /* Cluster.framework */ = {
			isa = PBXReferenceProxy;
			fileType = wrapper.framework;
			path = Cluster.framework;
			remoteRef = AB4EEBD21FDAAA3700E6AB5C /* PBXContainerItemProxy */;
			sourceTree = BUILT_PRODUCTS_DIR;
		};
		AB4EEBD51FDAAA3700E6AB5C /* Example.app */ = {
			isa = PBXReferenceProxy;
			fileType = wrapper.application;
			path = Example.app;
			remoteRef = AB4EEBD41FDAAA3700E6AB5C /* PBXContainerItemProxy */;
			sourceTree = BUILT_PRODUCTS_DIR;
		};
/* End PBXReferenceProxy section */

/* Begin PBXResourcesBuildPhase section */
		AB4CD9EB1FDAA0F800B5C633 /* Resources */ = {
			isa = PBXResourcesBuildPhase;
			buildActionMask = 2147483647;
			files = (
				AB4CD9FE1FDAA0F900B5C633 /* LaunchScreen.storyboard in Resources */,
				AB4CD9FB1FDAA0F900B5C633 /* Assets.xcassets in Resources */,
				AB4CD9F61FDAA0F900B5C633 /* Main.storyboard in Resources */,
			);
			runOnlyForDeploymentPostprocessing = 0;
		};
/* End PBXResourcesBuildPhase section */

/* Begin PBXSourcesBuildPhase section */
		AB4CD9E91FDAA0F800B5C633 /* Sources */ = {
			isa = PBXSourcesBuildPhase;
			buildActionMask = 2147483647;
			files = (
				AB4EEBDC1FDAC23900E6AB5C /* ArtworkDetailsViewController.swift in Sources */,
				AB4CDA0A1FDAA1C600B5C633 /* APIArtwork.swift in Sources */,
				AB4CD9F91FDAA0F900B5C633 /* EventsMap.xcdatamodeld in Sources */,
				AB4EEBDE1FDAD14F00E6AB5C /* ArtworkAnnotation.swift in Sources */,
				AB4CD9F31FDAA0F800B5C633 /* MapViewController.swift in Sources */,
				AB4CDA081FDAA1BD00B5C633 /* Artwork.swift in Sources */,
				AB4CD9F11FDAA0F800B5C633 /* AppDelegate.swift in Sources */,
			);
			runOnlyForDeploymentPostprocessing = 0;
		};
/* End PBXSourcesBuildPhase section */

/* Begin PBXTargetDependency section */
		AB4EEB971FDAA45B00E6AB5C /* PBXTargetDependency */ = {
			isa = PBXTargetDependency;
			name = "Alamofire iOS";
			targetProxy = AB4EEB961FDAA45B00E6AB5C /* PBXContainerItemProxy */;
		};
		AB4EEBD91FDAAA4400E6AB5C /* PBXTargetDependency */ = {
			isa = PBXTargetDependency;
			name = Cluster;
			targetProxy = AB4EEBD81FDAAA4400E6AB5C /* PBXContainerItemProxy */;
		};
/* End PBXTargetDependency section */

/* Begin PBXVariantGroup section */
		AB4CD9F41FDAA0F900B5C633 /* Main.storyboard */ = {
			isa = PBXVariantGroup;
			children = (
				AB4CD9F51FDAA0F900B5C633 /* Base */,
			);
			name = Main.storyboard;
			sourceTree = "<group>";
		};
		AB4CD9FC1FDAA0F900B5C633 /* LaunchScreen.storyboard */ = {
			isa = PBXVariantGroup;
			children = (
				AB4CD9FD1FDAA0F900B5C633 /* Base */,
			);
			name = LaunchScreen.storyboard;
			sourceTree = "<group>";
		};
/* End PBXVariantGroup section */

/* Begin XCBuildConfiguration section */
		AB4CDA001FDAA0F900B5C633 /* Debug */ = {
			isa = XCBuildConfiguration;
			buildSettings = {
				ALWAYS_SEARCH_USER_PATHS = NO;
				CLANG_ANALYZER_NONNULL = YES;
				CLANG_ANALYZER_NUMBER_OBJECT_CONVERSION = YES_AGGRESSIVE;
				CLANG_CXX_LANGUAGE_STANDARD = "gnu++14";
				CLANG_CXX_LIBRARY = "libc++";
				CLANG_ENABLE_MODULES = YES;
				CLANG_ENABLE_OBJC_ARC = YES;
				CLANG_WARN_BLOCK_CAPTURE_AUTORELEASING = YES;
				CLANG_WARN_BOOL_CONVERSION = YES;
				CLANG_WARN_COMMA = YES;
				CLANG_WARN_CONSTANT_CONVERSION = YES;
				CLANG_WARN_DIRECT_OBJC_ISA_USAGE = YES_ERROR;
				CLANG_WARN_DOCUMENTATION_COMMENTS = YES;
				CLANG_WARN_EMPTY_BODY = YES;
				CLANG_WARN_ENUM_CONVERSION = YES;
				CLANG_WARN_INFINITE_RECURSION = YES;
				CLANG_WARN_INT_CONVERSION = YES;
				CLANG_WARN_NON_LITERAL_NULL_CONVERSION = YES;
				CLANG_WARN_OBJC_LITERAL_CONVERSION = YES;
				CLANG_WARN_OBJC_ROOT_CLASS = YES_ERROR;
				CLANG_WARN_RANGE_LOOP_ANALYSIS = YES;
				CLANG_WARN_STRICT_PROTOTYPES = YES;
				CLANG_WARN_SUSPICIOUS_MOVE = YES;
				CLANG_WARN_UNGUARDED_AVAILABILITY = YES_AGGRESSIVE;
				CLANG_WARN_UNREACHABLE_CODE = YES;
				CLANG_WARN__DUPLICATE_METHOD_MATCH = YES;
				CODE_SIGN_IDENTITY = "iPhone Developer";
				COPY_PHASE_STRIP = NO;
				DEBUG_INFORMATION_FORMAT = dwarf;
				ENABLE_STRICT_OBJC_MSGSEND = YES;
				ENABLE_TESTABILITY = YES;
				GCC_C_LANGUAGE_STANDARD = gnu11;
				GCC_DYNAMIC_NO_PIC = NO;
				GCC_NO_COMMON_BLOCKS = YES;
				GCC_OPTIMIZATION_LEVEL = 0;
				GCC_PREPROCESSOR_DEFINITIONS = (
					"DEBUG=1",
					"$(inherited)",
				);
				GCC_WARN_64_TO_32_BIT_CONVERSION = YES;
				GCC_WARN_ABOUT_RETURN_TYPE = YES_ERROR;
				GCC_WARN_UNDECLARED_SELECTOR = YES;
				GCC_WARN_UNINITIALIZED_AUTOS = YES_AGGRESSIVE;
				GCC_WARN_UNUSED_FUNCTION = YES;
				GCC_WARN_UNUSED_VARIABLE = YES;
				IPHONEOS_DEPLOYMENT_TARGET = 11.2;
				MTL_ENABLE_DEBUG_INFO = YES;
				ONLY_ACTIVE_ARCH = YES;
				SDKROOT = iphoneos;
				SWIFT_ACTIVE_COMPILATION_CONDITIONS = DEBUG;
				SWIFT_OPTIMIZATION_LEVEL = "-Onone";
			};
			name = Debug;
		};
		AB4CDA011FDAA0F900B5C633 /* Release */ = {
			isa = XCBuildConfiguration;
			buildSettings = {
				ALWAYS_SEARCH_USER_PATHS = NO;
				CLANG_ANALYZER_NONNULL = YES;
				CLANG_ANALYZER_NUMBER_OBJECT_CONVERSION = YES_AGGRESSIVE;
				CLANG_CXX_LANGUAGE_STANDARD = "gnu++14";
				CLANG_CXX_LIBRARY = "libc++";
				CLANG_ENABLE_MODULES = YES;
				CLANG_ENABLE_OBJC_ARC = YES;
				CLANG_WARN_BLOCK_CAPTURE_AUTORELEASING = YES;
				CLANG_WARN_BOOL_CONVERSION = YES;
				CLANG_WARN_COMMA = YES;
				CLANG_WARN_CONSTANT_CONVERSION = YES;
				CLANG_WARN_DIRECT_OBJC_ISA_USAGE = YES_ERROR;
				CLANG_WARN_DOCUMENTATION_COMMENTS = YES;
				CLANG_WARN_EMPTY_BODY = YES;
				CLANG_WARN_ENUM_CONVERSION = YES;
				CLANG_WARN_INFINITE_RECURSION = YES;
				CLANG_WARN_INT_CONVERSION = YES;
				CLANG_WARN_NON_LITERAL_NULL_CONVERSION = YES;
				CLANG_WARN_OBJC_LITERAL_CONVERSION = YES;
				CLANG_WARN_OBJC_ROOT_CLASS = YES_ERROR;
				CLANG_WARN_RANGE_LOOP_ANALYSIS = YES;
				CLANG_WARN_STRICT_PROTOTYPES = YES;
				CLANG_WARN_SUSPICIOUS_MOVE = YES;
				CLANG_WARN_UNGUARDED_AVAILABILITY = YES_AGGRESSIVE;
				CLANG_WARN_UNREACHABLE_CODE = YES;
				CLANG_WARN__DUPLICATE_METHOD_MATCH = YES;
				CODE_SIGN_IDENTITY = "iPhone Developer";
				COPY_PHASE_STRIP = NO;
				DEBUG_INFORMATION_FORMAT = "dwarf-with-dsym";
				ENABLE_NS_ASSERTIONS = NO;
				ENABLE_STRICT_OBJC_MSGSEND = YES;
				GCC_C_LANGUAGE_STANDARD = gnu11;
				GCC_NO_COMMON_BLOCKS = YES;
				GCC_WARN_64_TO_32_BIT_CONVERSION = YES;
				GCC_WARN_ABOUT_RETURN_TYPE = YES_ERROR;
				GCC_WARN_UNDECLARED_SELECTOR = YES;
				GCC_WARN_UNINITIALIZED_AUTOS = YES_AGGRESSIVE;
				GCC_WARN_UNUSED_FUNCTION = YES;
				GCC_WARN_UNUSED_VARIABLE = YES;
				IPHONEOS_DEPLOYMENT_TARGET = 11.2;
				MTL_ENABLE_DEBUG_INFO = NO;
				SDKROOT = iphoneos;
				SWIFT_OPTIMIZATION_LEVEL = "-Owholemodule";
				VALIDATE_PRODUCT = YES;
			};
			name = Release;
		};
		AB4CDA031FDAA0F900B5C633 /* Debug */ = {
			isa = XCBuildConfiguration;
			buildSettings = {
				ALWAYS_EMBED_SWIFT_STANDARD_LIBRARIES = YES;
				ASSETCATALOG_COMPILER_APPICON_NAME = AppIcon;
				CODE_SIGN_STYLE = Automatic;
				DEVELOPMENT_TEAM = V7C3R87KYJ;
				INFOPLIST_FILE = EventsMap/Info.plist;
				LD_RUNPATH_SEARCH_PATHS = "$(inherited) @executable_path/Frameworks";
				PRODUCT_BUNDLE_IDENTIFIER = personal.EventsMap;
				PRODUCT_NAME = "$(TARGET_NAME)";
				SWIFT_VERSION = 4.0;
				TARGETED_DEVICE_FAMILY = "1,2";
			};
			name = Debug;
		};
		AB4CDA041FDAA0F900B5C633 /* Release */ = {
			isa = XCBuildConfiguration;
			buildSettings = {
				ALWAYS_EMBED_SWIFT_STANDARD_LIBRARIES = YES;
				ASSETCATALOG_COMPILER_APPICON_NAME = AppIcon;
				CODE_SIGN_STYLE = Automatic;
				DEVELOPMENT_TEAM = V7C3R87KYJ;
				INFOPLIST_FILE = EventsMap/Info.plist;
				LD_RUNPATH_SEARCH_PATHS = "$(inherited) @executable_path/Frameworks";
				PRODUCT_BUNDLE_IDENTIFIER = personal.EventsMap;
				PRODUCT_NAME = "$(TARGET_NAME)";
				SWIFT_VERSION = 4.0;
				TARGETED_DEVICE_FAMILY = "1,2";
			};
			name = Release;
		};
/* End XCBuildConfiguration section */

/* Begin XCConfigurationList section */
		AB4CD9E81FDAA0F800B5C633 /* Build configuration list for PBXProject "EventsMap" */ = {
			isa = XCConfigurationList;
			buildConfigurations = (
				AB4CDA001FDAA0F900B5C633 /* Debug */,
				AB4CDA011FDAA0F900B5C633 /* Release */,
			);
			defaultConfigurationIsVisible = 0;
			defaultConfigurationName = Release;
		};
		AB4CDA021FDAA0F900B5C633 /* Build configuration list for PBXNativeTarget "EventsMap" */ = {
			isa = XCConfigurationList;
			buildConfigurations = (
				AB4CDA031FDAA0F900B5C633 /* Debug */,
				AB4CDA041FDAA0F900B5C633 /* Release */,
			);
			defaultConfigurationIsVisible = 0;
			defaultConfigurationName = Release;
		};
/* End XCConfigurationList section */

/* Begin XCVersionGroup section */
		AB4CD9F71FDAA0F900B5C633 /* EventsMap.xcdatamodeld */ = {
			isa = XCVersionGroup;
			children = (
				AB4CD9F81FDAA0F900B5C633 /* EventsMap.xcdatamodel */,
			);
			currentVersion = AB4CD9F81FDAA0F900B5C633 /* EventsMap.xcdatamodel */;
			path = EventsMap.xcdatamodeld;
			sourceTree = "<group>";
			versionGroupType = wrapper.xcdatamodel;
		};
/* End XCVersionGroup section */
	};
	rootObject = AB4CD9E51FDAA0F800B5C633 /* Project object */;
}
